PODS:
  - ALJDPay (2.4.1)
  - Flutter (1.0.0)
  - flutter_jdpay (0.0.1):
    - ALJDPay
    - Flutter

DEPENDENCIES:
  - Flutter (from `.symlinks/flutter/ios`)
  - flutter_jdpay (from `.symlinks/plugins/flutter_jdpay/ios`)

SPEC REPOS:
  https://github.com/CocoaPods/Specs.git:
    - ALJDPay

EXTERNAL SOURCES:
  Flutter:
    :path: ".symlinks/flutter/ios"
  flutter_jdpay:
    :path: ".symlinks/plugins/flutter_jdpay/ios"

SPEC CHECKSUMS:
  ALJDPay: 5baedd6952b4e81b0579ab84f52b800330aae05d
  Flutter: 0e3d915762c693b495b44d77113d4970485de6ec
  flutter_jdpay: 5af4e81a602ce4374d299ce84c4d21795b49aadd

PODFILE CHECKSUM: 7fb83752f59ead6285236625b82473f90b1cb932

COCOAPODS: 1.8.4
