PODS:
  - Flutter (1.0.0)
  - flutter_jdpay (0.0.1):
    - Flutter

DEPENDENCIES:
  - Flutter (from `.symlinks/flutter/ios`)
  - flutter_jdpay (from `.symlinks/plugins/flutter_jdpay/ios`)

EXTERNAL SOURCES:
  Flutter:
    :path: ".symlinks/flutter/ios"
  flutter_jdpay:
    :path: ".symlinks/plugins/flutter_jdpay/ios"

SPEC CHECKSUMS:
  Flutter: 58dd7d1b27887414a370fcccb9e645c08ffd7a6a
  flutter_jdpay: 6a80ef74faff7b5efe9d56e90a523357e3ddfbf1

PODFILE CHECKSUM: 7fb83752f59ead6285236625b82473f90b1cb932

COCOAPODS: 1.7.5
