PODS:
  - ALJDPay (2.4.1)
  - Flutter (1.0.0)
  - flutter_jdpay (0.0.1):
    - ALJDPay
    - Flutter

DEPENDENCIES:
  - Flutter (from `.symlinks/flutter/ios`)
  - flutter_jdpay (from `.symlinks/plugins/flutter_jdpay/ios`)

SPEC REPOS:
  https://github.com/cocoapods/specs.git:
    - ALJDPay

EXTERNAL SOURCES:
  Flutter:
    :path: ".symlinks/flutter/ios"
  flutter_jdpay:
    :path: ".symlinks/plugins/flutter_jdpay/ios"

SPEC CHECKSUMS:
  ALJDPay: 5baedd6952b4e81b0579ab84f52b800330aae05d
  Flutter: 58dd7d1b27887414a370fcccb9e645c08ffd7a6a
  flutter_jdpay: 5af4e81a602ce4374d299ce84c4d21795b49aadd

PODFILE CHECKSUM: 7fb83752f59ead6285236625b82473f90b1cb932

COCOAPODS: 1.7.5
